
Microsoft Visual Studio Solution File, Format Version 12.00
# Visual Studio Version 16
VisualStudioVersion = 16.0.30503.244
MinimumVisualStudioVersion = 10.0.40219.1
Project("{9A19103F-16F7-4668-BE54-9A1E7A4F7556}") = "001_Class_Demo", "01_Class_Demo\001_Class_Demo.csproj", "{090C8AD6-980A-4042-94E9-FE0749C55B98}"
EndProject
Project("{9A19103F-16F7-4668-BE54-9A1E7A4F7556}") = "002_Datetime_demo", "002_Datetime_demo\002_Datetime_demo.csproj", "{3241FE69-E34E-4A18-8EC5-2113FA0297C2}"
EndProject
Project("{9A19103F-16F7-4668-BE54-9A1E7A4F7556}") = "003_Arrays_demo_1_indices", "003_Arrays_demo_1_indices\003_Arrays_demo_1_indices.csproj", "{3D03D81E-0B67-470C-88EF-B987A609E618}"
EndProject
Project("{9A19103F-16F7-4668-BE54-9A1E7A4F7556}") = "004_kvadrovnice", "004_kvadrovnice\004_kvadrovnice.csproj", "{057CBCCE-8301-415D-8B4A-06252BC34785}"
EndProject
Project("{9A19103F-16F7-4668-BE54-9A1E7A4F7556}") = "test-01-pocet_zapornych", "test-01-pocet_zapornych\test-01-pocet_zapornych.csproj", "{A6DEB545-DE20-46A7-9F3E-B89D98FA30B8}"
EndProject
Project("{9A19103F-16F7-4668-BE54-9A1E7A4F7556}") = "test-02-vsechna_suda", "test-02_vsechna_suda\test-02-vsechna_suda.csproj", "{72CF019C-6344-438D-A8B2-E81CFE5F2C45}"
EndProject
Project("{9A19103F-16F7-4668-BE54-9A1E7A4F7556}") = "test-03-JizdniRad", "test-03-JizdniRad\test-03-JizdniRad.csproj", "{EB21B8C3-FBB9-4BA2-A22D-03497313ADED}"
EndProject
Project("{9A19103F-16F7-4668-BE54-9A1E7A4F7556}") = "005_Enum", "005_Enum\005_Enum.csproj", "{CC7211BB-D361-4AC1-BFE5-B133AB03861D}"
EndProject
Project("{9A19103F-16F7-4668-BE54-9A1E7A4F7556}") = "006_Enum_Karty", "006_Enum_Karty\006_Enum_Karty.csproj", "{6B526C32-E912-42B4-B349-186404665B77}"
EndProject
Project("{2150E333-8FDC-42A3-9474-1A3956D46DE8}") = "1-Opakovani-konzole", "1-Opakovani-konzole", "{8710EC1E-1A25-4481-8098-7770C913BF60}"
EndProject
Project("{2150E333-8FDC-42A3-9474-1A3956D46DE8}") = "2-Enum", "2-Enum", "{64FA37D0-0295-435C-A9C1-EF5DF1A00338}"
EndProject
Project("{FAE04EC0-301F-11D3-BF4B-00C04F79EFBC}") = "007_Enum_DU_Mariasky", "007_Enum_DU_Mariasky\007_Enum_DU_Mariasky.csproj", "{2F134BFC-07B3-4B51-89A1-9BF7CD02C65C}"
EndProject
Global
	GlobalSection(SolutionConfigurationPlatforms) = preSolution
		Debug|Any CPU = Debug|Any CPU
		Release|Any CPU = Release|Any CPU
	EndGlobalSection
	GlobalSection(ProjectConfigurationPlatforms) = postSolution
		{090C8AD6-980A-4042-94E9-FE0749C55B98}.Debug|Any CPU.ActiveCfg = Debug|Any CPU
		{090C8AD6-980A-4042-94E9-FE0749C55B98}.Debug|Any CPU.Build.0 = Debug|Any CPU
		{090C8AD6-980A-4042-94E9-FE0749C55B98}.Release|Any CPU.ActiveCfg = Release|Any CPU
		{090C8AD6-980A-4042-94E9-FE0749C55B98}.Release|Any CPU.Build.0 = Release|Any CPU
		{3241FE69-E34E-4A18-8EC5-2113FA0297C2}.Debug|Any CPU.ActiveCfg = Debug|Any CPU
		{3241FE69-E34E-4A18-8EC5-2113FA0297C2}.Debug|Any CPU.Build.0 = Debug|Any CPU
		{3241FE69-E34E-4A18-8EC5-2113FA0297C2}.Release|Any CPU.ActiveCfg = Release|Any CPU
		{3241FE69-E34E-4A18-8EC5-2113FA0297C2}.Release|Any CPU.Build.0 = Release|Any CPU
		{3D03D81E-0B67-470C-88EF-B987A609E618}.Debug|Any CPU.ActiveCfg = Debug|Any CPU
		{3D03D81E-0B67-470C-88EF-B987A609E618}.Debug|Any CPU.Build.0 = Debug|Any CPU
		{3D03D81E-0B67-470C-88EF-B987A609E618}.Release|Any CPU.ActiveCfg = Release|Any CPU
		{3D03D81E-0B67-470C-88EF-B987A609E618}.Release|Any CPU.Build.0 = Release|Any CPU
		{057CBCCE-8301-415D-8B4A-06252BC34785}.Debug|Any CPU.ActiveCfg = Debug|Any CPU
		{057CBCCE-8301-415D-8B4A-06252BC34785}.Debug|Any CPU.Build.0 = Debug|Any CPU
		{057CBCCE-8301-415D-8B4A-06252BC34785}.Release|Any CPU.ActiveCfg = Release|Any CPU
		{057CBCCE-8301-415D-8B4A-06252BC34785}.Release|Any CPU.Build.0 = Release|Any CPU
		{A6DEB545-DE20-46A7-9F3E-B89D98FA30B8}.Debug|Any CPU.ActiveCfg = Debug|Any CPU
		{A6DEB545-DE20-46A7-9F3E-B89D98FA30B8}.Debug|Any CPU.Build.0 = Debug|Any CPU
		{A6DEB545-DE20-46A7-9F3E-B89D98FA30B8}.Release|Any CPU.ActiveCfg = Release|Any CPU
		{A6DEB545-DE20-46A7-9F3E-B89D98FA30B8}.Release|Any CPU.Build.0 = Release|Any CPU
		{72CF019C-6344-438D-A8B2-E81CFE5F2C45}.Debug|Any CPU.ActiveCfg = Debug|Any CPU
		{72CF019C-6344-438D-A8B2-E81CFE5F2C45}.Debug|Any CPU.Build.0 = Debug|Any CPU
		{72CF019C-6344-438D-A8B2-E81CFE5F2C45}.Release|Any CPU.ActiveCfg = Release|Any CPU
		{72CF019C-6344-438D-A8B2-E81CFE5F2C45}.Release|Any CPU.Build.0 = Release|Any CPU
		{EB21B8C3-FBB9-4BA2-A22D-03497313ADED}.Debug|Any CPU.ActiveCfg = Debug|Any CPU
		{EB21B8C3-FBB9-4BA2-A22D-03497313ADED}.Debug|Any CPU.Build.0 = Debug|Any CPU
		{EB21B8C3-FBB9-4BA2-A22D-03497313ADED}.Release|Any CPU.ActiveCfg = Release|Any CPU
		{EB21B8C3-FBB9-4BA2-A22D-03497313ADED}.Release|Any CPU.Build.0 = Release|Any CPU
		{CC7211BB-D361-4AC1-BFE5-B133AB03861D}.Debug|Any CPU.ActiveCfg = Debug|Any CPU
		{CC7211BB-D361-4AC1-BFE5-B133AB03861D}.Debug|Any CPU.Build.0 = Debug|Any CPU
		{CC7211BB-D361-4AC1-BFE5-B133AB03861D}.Release|Any CPU.ActiveCfg = Release|Any CPU
		{CC7211BB-D361-4AC1-BFE5-B133AB03861D}.Release|Any CPU.Build.0 = Release|Any CPU
		{6B526C32-E912-42B4-B349-186404665B77}.Debug|Any CPU.ActiveCfg = Debug|Any CPU
		{6B526C32-E912-42B4-B349-186404665B77}.Debug|Any CPU.Build.0 = Debug|Any CPU
		{6B526C32-E912-42B4-B349-186404665B77}.Release|Any CPU.ActiveCfg = Release|Any CPU
		{6B526C32-E912-42B4-B349-186404665B77}.Release|Any CPU.Build.0 = Release|Any CPU
		{2F134BFC-07B3-4B51-89A1-9BF7CD02C65C}.Debug|Any CPU.ActiveCfg = Debug|Any CPU
		{2F134BFC-07B3-4B51-89A1-9BF7CD02C65C}.Debug|Any CPU.Build.0 = Debug|Any CPU
		{2F134BFC-07B3-4B51-89A1-9BF7CD02C65C}.Release|Any CPU.ActiveCfg = Release|Any CPU
		{2F134BFC-07B3-4B51-89A1-9BF7CD02C65C}.Release|Any CPU.Build.0 = Release|Any CPU
	EndGlobalSection
	GlobalSection(SolutionProperties) = preSolution
		HideSolutionNode = FALSE
	EndGlobalSection
	GlobalSection(NestedProjects) = preSolution
		{090C8AD6-980A-4042-94E9-FE0749C55B98} = {8710EC1E-1A25-4481-8098-7770C913BF60}
		{3241FE69-E34E-4A18-8EC5-2113FA0297C2} = {8710EC1E-1A25-4481-8098-7770C913BF60}
		{3D03D81E-0B67-470C-88EF-B987A609E618} = {8710EC1E-1A25-4481-8098-7770C913BF60}
		{057CBCCE-8301-415D-8B4A-06252BC34785} = {8710EC1E-1A25-4481-8098-7770C913BF60}
		{A6DEB545-DE20-46A7-9F3E-B89D98FA30B8} = {8710EC1E-1A25-4481-8098-7770C913BF60}
		{72CF019C-6344-438D-A8B2-E81CFE5F2C45} = {8710EC1E-1A25-4481-8098-7770C913BF60}
		{EB21B8C3-FBB9-4BA2-A22D-03497313ADED} = {8710EC1E-1A25-4481-8098-7770C913BF60}
		{CC7211BB-D361-4AC1-BFE5-B133AB03861D} = {64FA37D0-0295-435C-A9C1-EF5DF1A00338}
		{6B526C32-E912-42B4-B349-186404665B77} = {64FA37D0-0295-435C-A9C1-EF5DF1A00338}
		{2F134BFC-07B3-4B51-89A1-9BF7CD02C65C} = {64FA37D0-0295-435C-A9C1-EF5DF1A00338}
	EndGlobalSection
	GlobalSection(ExtensibilityGlobals) = postSolution
		SolutionGuid = {6FBF02B8-2E8A-4202-AF54-A45A23E2FCAC}
	EndGlobalSection
EndGlobal
